
Microsoft Visual Studio Solution File, Format Version 12.00
# Visual Studio 15
VisualStudioVersion = 15.0.28307.1525
MinimumVisualStudioVersion = 10.0.40219.1
Project("{FAE04EC0-301F-11D3-BF4B-00C04F79EFBC}") = "ERPmini", "ERPmini\ERPmini.csproj", "{014B236B-4E22-4FF9-AFB4-6091BB926425}"
EndProject
Global
	GlobalSection(SolutionConfigurationPlatforms) = preSolution
		Debug|Any CPU = Debug|Any CPU
		Release|Any CPU = Release|Any CPU
	EndGlobalSection
	GlobalSection(ProjectConfigurationPlatforms) = postSolution
		{014B236B-4E22-4FF9-AFB4-6091BB926425}.Debug|Any CPU.ActiveCfg = Debug|Any CPU
		{014B236B-4E22-4FF9-AFB4-6091BB926425}.Debug|Any CPU.Build.0 = Debug|Any CPU
		{014B236B-4E22-4FF9-AFB4-6091BB926425}.Release|Any CPU.ActiveCfg = Release|Any CPU
		{014B236B-4E22-4FF9-AFB4-6091BB926425}.Release|Any CPU.Build.0 = Release|Any CPU
	EndGlobalSection
	GlobalSection(SolutionProperties) = preSolution
		HideSolutionNode = FALSE
	EndGlobalSection
	GlobalSection(ExtensibilityGlobals) = postSolution
		SolutionGuid = {F9C473A2-0E4C-4C65-BF9B-41A1D135D2D4}
	EndGlobalSection
EndGlobal
